// !$*UTF8*$!
{
	archiveVersion = 1;
	classes = {
	};
	objectVersion = 46;
	objects = {

/* Begin PBXBuildFile section */
		0A4B13CF1A8CB8F8009E1EAC /* RegexKitLite.m in Sources */ = {isa = PBXBuildFile; fileRef = 0A4B13CE1A8CB8F8009E1EAC /* RegexKitLite.m */; settings = {COMPILER_FLAGS = "-fno-objc-arc"; }; };
		0A7D43381AA487A50093F3BE /* AppDelegate.m in Sources */ = {isa = PBXBuildFile; fileRef = 0A7D43281AA487A50093F3BE /* AppDelegate.m */; };
		0A7D43391AA487A50093F3BE /* CustomCoffeeShopInfoCell.m in Sources */ = {isa = PBXBuildFile; fileRef = 0A7D432B1AA487A50093F3BE /* CustomCoffeeShopInfoCell.m */; };
		0A7D433A1AA487A50093F3BE /* MapView.m in Sources */ = {isa = PBXBuildFile; fileRef = 0A7D432E1AA487A50093F3BE /* MapView.m */; };
		0A7D433B1AA487A50093F3BE /* LoginViewController.m in Sources */ = {isa = PBXBuildFile; fileRef = 0A7D43311AA487A50093F3BE /* LoginViewController.m */; };
		0A7D433C1AA487A50093F3BE /* MapViewController.m in Sources */ = {isa = PBXBuildFile; fileRef = 0A7D43341AA487A50093F3BE /* MapViewController.m */; };
		0A7D433D1AA487A50093F3BE /* ViewController.m in Sources */ = {isa = PBXBuildFile; fileRef = 0A7D43371AA487A50093F3BE /* ViewController.m */; };
		0AA27F5E1A84BB84006FE17C /* main.m in Sources */ = {isa = PBXBuildFile; fileRef = 0AA27F5D1A84BB84006FE17C /* main.m */; };
		0AA27F671A84BB84006FE17C /* Main.storyboard in Resources */ = {isa = PBXBuildFile; fileRef = 0AA27F651A84BB84006FE17C /* Main.storyboard */; };
		0AA27F691A84BB84006FE17C /* Images.xcassets in Resources */ = {isa = PBXBuildFile; fileRef = 0AA27F681A84BB84006FE17C /* Images.xcassets */; };
		0AA27F6C1A84BB84006FE17C /* LaunchScreen.xib in Resources */ = {isa = PBXBuildFile; fileRef = 0AA27F6A1A84BB84006FE17C /* LaunchScreen.xib */; };
		0AA27F781A84BB84006FE17C /* CoffeeShopTests.m in Sources */ = {isa = PBXBuildFile; fileRef = 0AA27F771A84BB84006FE17C /* CoffeeShopTests.m */; };
		0AA27F881A84BCC9006FE17C /* Reachability.m in Sources */ = {isa = PBXBuildFile; fileRef = 0AA27F841A84BCC9006FE17C /* Reachability.m */; settings = {COMPILER_FLAGS = "-fno-objc-arc"; }; };
		0AA27F891A84BCC9006FE17C /* RequestConnection.m in Sources */ = {isa = PBXBuildFile; fileRef = 0AA27F871A84BCC9006FE17C /* RequestConnection.m */; };
		0AA27F8B1A84BE62006FE17C /* CoreLocation.framework in Frameworks */ = {isa = PBXBuildFile; fileRef = 0AA27F8A1A84BE62006FE17C /* CoreLocation.framework */; };
		0AA27FC21A84C0C0006FE17C /* LocationInfo.m in Sources */ = {isa = PBXBuildFile; fileRef = 0AA27FC11A84C0C0006FE17C /* LocationInfo.m */; };
		0AA27FC91A84DB48006FE17C /* MapKit.framework in Frameworks */ = {isa = PBXBuildFile; fileRef = 0AA27FC81A84DB48006FE17C /* MapKit.framework */; };
/* End PBXBuildFile section */

/* Begin PBXContainerItemProxy section */
		0AA27F721A84BB84006FE17C /* PBXContainerItemProxy */ = {
			isa = PBXContainerItemProxy;
			containerPortal = 0AA27F501A84BB84006FE17C /* Project object */;
			proxyType = 1;
			remoteGlobalIDString = 0AA27F571A84BB84006FE17C;
			remoteInfo = CoffeeShop;
		};
/* End PBXContainerItemProxy section */

/* Begin PBXFileReference section */
		0A4B13CD1A8CB8F8009E1EAC /* RegexKitLite.h */ = {isa = PBXFileReference; fileEncoding = 4; lastKnownFileType = sourcecode.c.h; path = RegexKitLite.h; sourceTree = "<group>"; };
		0A4B13CE1A8CB8F8009E1EAC /* RegexKitLite.m */ = {isa = PBXFileReference; fileEncoding = 4; lastKnownFileType = sourcecode.c.objc; path = RegexKitLite.m; sourceTree = "<group>"; };
		0A7D43271AA487A50093F3BE /* AppDelegate.h */ = {isa = PBXFileReference; fileEncoding = 4; lastKnownFileType = sourcecode.c.h; path = AppDelegate.h; sourceTree = "<group>"; };
		0A7D43281AA487A50093F3BE /* AppDelegate.m */ = {isa = PBXFileReference; fileEncoding = 4; lastKnownFileType = sourcecode.c.objc; path = AppDelegate.m; sourceTree = "<group>"; };
		0A7D432A1AA487A50093F3BE /* CustomCoffeeShopInfoCell.h */ = {isa = PBXFileReference; fileEncoding = 4; lastKnownFileType = sourcecode.c.h; path = CustomCoffeeShopInfoCell.h; sourceTree = "<group>"; };
		0A7D432B1AA487A50093F3BE /* CustomCoffeeShopInfoCell.m */ = {isa = PBXFileReference; fileEncoding = 4; lastKnownFileType = sourcecode.c.objc; path = CustomCoffeeShopInfoCell.m; sourceTree = "<group>"; };
		0A7D432D1AA487A50093F3BE /* MapView.h */ = {isa = PBXFileReference; fileEncoding = 4; lastKnownFileType = sourcecode.c.h; path = MapView.h; sourceTree = "<group>"; };
		0A7D432E1AA487A50093F3BE /* MapView.m */ = {isa = PBXFileReference; fileEncoding = 4; lastKnownFileType = sourcecode.c.objc; path = MapView.m; sourceTree = "<group>"; };
		0A7D43301AA487A50093F3BE /* LoginViewController.h */ = {isa = PBXFileReference; fileEncoding = 4; lastKnownFileType = sourcecode.c.h; path = LoginViewController.h; sourceTree = "<group>"; };
		0A7D43311AA487A50093F3BE /* LoginViewController.m */ = {isa = PBXFileReference; fileEncoding = 4; lastKnownFileType = sourcecode.c.objc; path = LoginViewController.m; sourceTree = "<group>"; };
		0A7D43331AA487A50093F3BE /* MapViewController.h */ = {isa = PBXFileReference; fileEncoding = 4; lastKnownFileType = sourcecode.c.h; path = MapViewController.h; sourceTree = "<group>"; };
		0A7D43341AA487A50093F3BE /* MapViewController.m */ = {isa = PBXFileReference; fileEncoding = 4; lastKnownFileType = sourcecode.c.objc; path = MapViewController.m; sourceTree = "<group>"; };
		0A7D43361AA487A50093F3BE /* ViewController.h */ = {isa = PBXFileReference; fileEncoding = 4; lastKnownFileType = sourcecode.c.h; path = ViewController.h; sourceTree = "<group>"; };
		0A7D43371AA487A50093F3BE /* ViewController.m */ = {isa = PBXFileReference; fileEncoding = 4; lastKnownFileType = sourcecode.c.objc; path = ViewController.m; sourceTree = "<group>"; };
		0AA27F581A84BB84006FE17C /* CoffeeShop.app */ = {isa = PBXFileReference; explicitFileType = wrapper.application; includeInIndex = 0; path = CoffeeShop.app; sourceTree = BUILT_PRODUCTS_DIR; };
		0AA27F5C1A84BB84006FE17C /* Info.plist */ = {isa = PBXFileReference; lastKnownFileType = text.plist.xml; path = Info.plist; sourceTree = "<group>"; };
		0AA27F5D1A84BB84006FE17C /* main.m */ = {isa = PBXFileReference; lastKnownFileType = sourcecode.c.objc; path = main.m; sourceTree = "<group>"; };
		0AA27F661A84BB84006FE17C /* Base */ = {isa = PBXFileReference; lastKnownFileType = file.storyboard; name = Base; path = Base.lproj/Main.storyboard; sourceTree = "<group>"; };
		0AA27F681A84BB84006FE17C /* Images.xcassets */ = {isa = PBXFileReference; lastKnownFileType = folder.assetcatalog; path = Images.xcassets; sourceTree = "<group>"; };
		0AA27F6B1A84BB84006FE17C /* Base */ = {isa = PBXFileReference; lastKnownFileType = file.xib; name = Base; path = Base.lproj/LaunchScreen.xib; sourceTree = "<group>"; };
		0AA27F711A84BB84006FE17C /* CoffeeShopTests.xctest */ = {isa = PBXFileReference; explicitFileType = wrapper.cfbundle; includeInIndex = 0; path = CoffeeShopTests.xctest; sourceTree = BUILT_PRODUCTS_DIR; };
		0AA27F761A84BB84006FE17C /* Info.plist */ = {isa = PBXFileReference; lastKnownFileType = text.plist.xml; path = Info.plist; sourceTree = "<group>"; };
		0AA27F771A84BB84006FE17C /* CoffeeShopTests.m */ = {isa = PBXFileReference; lastKnownFileType = sourcecode.c.objc; path = CoffeeShopTests.m; sourceTree = "<group>"; };
		0AA27F831A84BCC9006FE17C /* Reachability.h */ = {isa = PBXFileReference; fileEncoding = 4; lastKnownFileType = sourcecode.c.h; path = Reachability.h; sourceTree = "<group>"; };
		0AA27F841A84BCC9006FE17C /* Reachability.m */ = {isa = PBXFileReference; fileEncoding = 4; lastKnownFileType = sourcecode.c.objc; path = Reachability.m; sourceTree = "<group>"; };
		0AA27F861A84BCC9006FE17C /* RequestConnection.h */ = {isa = PBXFileReference; fileEncoding = 4; lastKnownFileType = sourcecode.c.h; path = RequestConnection.h; sourceTree = "<group>"; };
		0AA27F871A84BCC9006FE17C /* RequestConnection.m */ = {isa = PBXFileReference; fileEncoding = 4; lastKnownFileType = sourcecode.c.objc; path = RequestConnection.m; sourceTree = "<group>"; };
		0AA27F8A1A84BE62006FE17C /* CoreLocation.framework */ = {isa = PBXFileReference; lastKnownFileType = wrapper.framework; name = CoreLocation.framework; path = System/Library/Frameworks/CoreLocation.framework; sourceTree = SDKROOT; };
		0AA27FC01A84C0C0006FE17C /* LocationInfo.h */ = {isa = PBXFileReference; fileEncoding = 4; lastKnownFileType = sourcecode.c.h; path = LocationInfo.h; sourceTree = "<group>"; };
		0AA27FC11A84C0C0006FE17C /* LocationInfo.m */ = {isa = PBXFileReference; fileEncoding = 4; lastKnownFileType = sourcecode.c.objc; path = LocationInfo.m; sourceTree = "<group>"; };
		0AA27FC81A84DB48006FE17C /* MapKit.framework */ = {isa = PBXFileReference; lastKnownFileType = wrapper.framework; name = MapKit.framework; path = System/Library/Frameworks/MapKit.framework; sourceTree = SDKROOT; };
/* End PBXFileReference section */

/* Begin PBXFrameworksBuildPhase section */
		0AA27F551A84BB84006FE17C /* Frameworks */ = {
			isa = PBXFrameworksBuildPhase;
			buildActionMask = 2147483647;
			files = (
				0AA27FC91A84DB48006FE17C /* MapKit.framework in Frameworks */,
				0AA27F8B1A84BE62006FE17C /* CoreLocation.framework in Frameworks */,
			);
			runOnlyForDeploymentPostprocessing = 0;
		};
		0AA27F6E1A84BB84006FE17C /* Frameworks */ = {
			isa = PBXFrameworksBuildPhase;
			buildActionMask = 2147483647;
			files = (
			);
			runOnlyForDeploymentPostprocessing = 0;
		};
/* End PBXFrameworksBuildPhase section */

/* Begin PBXGroup section */
		0A4B13C91A8CA548009E1EAC /* RegexKitLite */ = {
			isa = PBXGroup;
			children = (
				0A4B13CD1A8CB8F8009E1EAC /* RegexKitLite.h */,
				0A4B13CE1A8CB8F8009E1EAC /* RegexKitLite.m */,
			);
			name = RegexKitLite;
			path = ../RegexKitLite;
			sourceTree = "<group>";
		};
		0A7D43251AA487A50093F3BE /* Class */ = {
			isa = PBXGroup;
			children = (
				0A7D43261AA487A50093F3BE /* AppDelegate */,
				0A7D43291AA487A50093F3BE /* CustomCoffeeShopInfoCell */,
				0A7D432C1AA487A50093F3BE /* GoogleMapView */,
				0A7D432F1AA487A50093F3BE /* LoginViewController */,
				0A7D43321AA487A50093F3BE /* MapViewController */,
				0A7D43351AA487A50093F3BE /* ShowCoffeeShopViewController */,
			);
			path = Class;
			sourceTree = "<group>";
		};
		0A7D43261AA487A50093F3BE /* AppDelegate */ = {
			isa = PBXGroup;
			children = (
				0A7D43271AA487A50093F3BE /* AppDelegate.h */,
				0A7D43281AA487A50093F3BE /* AppDelegate.m */,
			);
			path = AppDelegate;
			sourceTree = "<group>";
		};
		0A7D43291AA487A50093F3BE /* CustomCoffeeShopInfoCell */ = {
			isa = PBXGroup;
			children = (
				0A7D432A1AA487A50093F3BE /* CustomCoffeeShopInfoCell.h */,
				0A7D432B1AA487A50093F3BE /* CustomCoffeeShopInfoCell.m */,
			);
			path = CustomCoffeeShopInfoCell;
			sourceTree = "<group>";
		};
		0A7D432C1AA487A50093F3BE /* GoogleMapView */ = {
			isa = PBXGroup;
			children = (
				0A7D432D1AA487A50093F3BE /* MapView.h */,
				0A7D432E1AA487A50093F3BE /* MapView.m */,
			);
			path = GoogleMapView;
			sourceTree = "<group>";
		};
		0A7D432F1AA487A50093F3BE /* LoginViewController */ = {
			isa = PBXGroup;
			children = (
				0A7D43301AA487A50093F3BE /* LoginViewController.h */,
				0A7D43311AA487A50093F3BE /* LoginViewController.m */,
			);
			path = LoginViewController;
			sourceTree = "<group>";
		};
		0A7D43321AA487A50093F3BE /* MapViewController */ = {
			isa = PBXGroup;
			children = (
				0A7D43331AA487A50093F3BE /* MapViewController.h */,
				0A7D43341AA487A50093F3BE /* MapViewController.m */,
			);
			path = MapViewController;
			sourceTree = "<group>";
		};
		0A7D43351AA487A50093F3BE /* ShowCoffeeShopViewController */ = {
			isa = PBXGroup;
			children = (
				0A7D43361AA487A50093F3BE /* ViewController.h */,
				0A7D43371AA487A50093F3BE /* ViewController.m */,
			);
			path = ShowCoffeeShopViewController;
			sourceTree = "<group>";
		};
		0AA27F4F1A84BB84006FE17C = {
			isa = PBXGroup;
			children = (
				0AA27F5A1A84BB84006FE17C /* CoffeeShop */,
				0AA27F741A84BB84006FE17C /* CoffeeShopTests */,
				0AA27F591A84BB84006FE17C /* Products */,
			);
			sourceTree = "<group>";
		};
		0AA27F591A84BB84006FE17C /* Products */ = {
			isa = PBXGroup;
			children = (
				0AA27F581A84BB84006FE17C /* CoffeeShop.app */,
				0AA27F711A84BB84006FE17C /* CoffeeShopTests.xctest */,
			);
			name = Products;
			sourceTree = "<group>";
		};
		0AA27F5A1A84BB84006FE17C /* CoffeeShop */ = {
			isa = PBXGroup;
			children = (
				0AA27F651A84BB84006FE17C /* Main.storyboard */,
				0A7D43251AA487A50093F3BE /* Class */,
				0AA27F681A84BB84006FE17C /* Images.xcassets */,
				0AA27F6A1A84BB84006FE17C /* LaunchScreen.xib */,
				0AA27FBE1A84C0C0006FE17C /* ModelClass */,
				0AA27F811A84BCC9006FE17C /* Utility */,
				0AA27FC31A84C628006FE17C /* Framework */,
				0AA27F5B1A84BB84006FE17C /* Supporting Files */,
			);
			path = CoffeeShop;
			sourceTree = "<group>";
		};
		0AA27F5B1A84BB84006FE17C /* Supporting Files */ = {
			isa = PBXGroup;
			children = (
				0AA27F5C1A84BB84006FE17C /* Info.plist */,
				0AA27F5D1A84BB84006FE17C /* main.m */,
			);
			name = "Supporting Files";
			sourceTree = "<group>";
		};
		0AA27F741A84BB84006FE17C /* CoffeeShopTests */ = {
			isa = PBXGroup;
			children = (
				0AA27F771A84BB84006FE17C /* CoffeeShopTests.m */,
				0AA27F751A84BB84006FE17C /* Supporting Files */,
			);
			path = CoffeeShopTests;
			sourceTree = "<group>";
		};
		0AA27F751A84BB84006FE17C /* Supporting Files */ = {
			isa = PBXGroup;
			children = (
				0AA27F761A84BB84006FE17C /* Info.plist */,
			);
			name = "Supporting Files";
			sourceTree = "<group>";
		};
		0AA27F811A84BCC9006FE17C /* Utility */ = {
			isa = PBXGroup;
			children = (
				0A4B13C91A8CA548009E1EAC /* RegexKitLite */,
				0AA27F821A84BCC9006FE17C /* Reachability */,
				0AA27F851A84BCC9006FE17C /* Requestonnection */,
			);
			path = Utility;
			sourceTree = "<group>";
		};
		0AA27F821A84BCC9006FE17C /* Reachability */ = {
			isa = PBXGroup;
			children = (
				0AA27F831A84BCC9006FE17C /* Reachability.h */,
				0AA27F841A84BCC9006FE17C /* Reachability.m */,
			);
			path = Reachability;
			sourceTree = "<group>";
		};
		0AA27F851A84BCC9006FE17C /* Requestonnection */ = {
			isa = PBXGroup;
			children = (
				0AA27F861A84BCC9006FE17C /* RequestConnection.h */,
				0AA27F871A84BCC9006FE17C /* RequestConnection.m */,
			);
			path = Requestonnection;
			sourceTree = "<group>";
		};
		0AA27FBE1A84C0C0006FE17C /* ModelClass */ = {
			isa = PBXGroup;
			children = (
				0AA27FBF1A84C0C0006FE17C /* LocationInfo */,
			);
			path = ModelClass;
			sourceTree = "<group>";
		};
		0AA27FBF1A84C0C0006FE17C /* LocationInfo */ = {
			isa = PBXGroup;
			children = (
				0AA27FC01A84C0C0006FE17C /* LocationInfo.h */,
				0AA27FC11A84C0C0006FE17C /* LocationInfo.m */,
			);
			path = LocationInfo;
			sourceTree = "<group>";
		};
		0AA27FC31A84C628006FE17C /* Framework */ = {
			isa = PBXGroup;
			children = (
				0AA27FC81A84DB48006FE17C /* MapKit.framework */,
				0AA27F8A1A84BE62006FE17C /* CoreLocation.framework */,
			);
			name = Framework;
			path = Utility/Requestonnection;
			sourceTree = "<group>";
		};
/* End PBXGroup section */

/* Begin PBXNativeTarget section */
		0AA27F571A84BB84006FE17C /* CoffeeShop */ = {
			isa = PBXNativeTarget;
			buildConfigurationList = 0AA27F7B1A84BB84006FE17C /* Build configuration list for PBXNativeTarget "CoffeeShop" */;
			buildPhases = (
				0AA27F541A84BB84006FE17C /* Sources */,
				0AA27F551A84BB84006FE17C /* Frameworks */,
				0AA27F561A84BB84006FE17C /* Resources */,
			);
			buildRules = (
			);
			dependencies = (
			);
			name = CoffeeShop;
			productName = CoffeeShop;
			productReference = 0AA27F581A84BB84006FE17C /* CoffeeShop.app */;
			productType = "com.apple.product-type.application";
		};
		0AA27F701A84BB84006FE17C /* CoffeeShopTests */ = {
			isa = PBXNativeTarget;
			buildConfigurationList = 0AA27F7E1A84BB84006FE17C /* Build configuration list for PBXNativeTarget "CoffeeShopTests" */;
			buildPhases = (
				0AA27F6D1A84BB84006FE17C /* Sources */,
				0AA27F6E1A84BB84006FE17C /* Frameworks */,
				0AA27F6F1A84BB84006FE17C /* Resources */,
			);
			buildRules = (
			);
			dependencies = (
				0AA27F731A84BB84006FE17C /* PBXTargetDependency */,
			);
			name = CoffeeShopTests;
			productName = CoffeeShopTests;
			productReference = 0AA27F711A84BB84006FE17C /* CoffeeShopTests.xctest */;
			productType = "com.apple.product-type.bundle.unit-test";
		};
/* End PBXNativeTarget section */

/* Begin PBXProject section */
		0AA27F501A84BB84006FE17C /* Project object */ = {
			isa = PBXProject;
			attributes = {
				LastUpgradeCheck = 0610;
				ORGANIZATIONNAME = GrepRuby;
				TargetAttributes = {
					0AA27F571A84BB84006FE17C = {
						CreatedOnToolsVersion = 6.1;
					};
					0AA27F701A84BB84006FE17C = {
						CreatedOnToolsVersion = 6.1;
						TestTargetID = 0AA27F571A84BB84006FE17C;
					};
				};
			};
			buildConfigurationList = 0AA27F531A84BB84006FE17C /* Build configuration list for PBXProject "CoffeeShop" */;
			compatibilityVersion = "Xcode 3.2";
			developmentRegion = English;
			hasScannedForEncodings = 0;
			knownRegions = (
				en,
				Base,
			);
			mainGroup = 0AA27F4F1A84BB84006FE17C;
			productRefGroup = 0AA27F591A84BB84006FE17C /* Products */;
			projectDirPath = "";
			projectRoot = "";
			targets = (
				0AA27F571A84BB84006FE17C /* CoffeeShop */,
				0AA27F701A84BB84006FE17C /* CoffeeShopTests */,
			);
		};
/* End PBXProject section */

/* Begin PBXResourcesBuildPhase section */
		0AA27F561A84BB84006FE17C /* Resources */ = {
			isa = PBXResourcesBuildPhase;
			buildActionMask = 2147483647;
			files = (
				0AA27F671A84BB84006FE17C /* Main.storyboard in Resources */,
				0AA27F6C1A84BB84006FE17C /* LaunchScreen.xib in Resources */,
				0AA27F691A84BB84006FE17C /* Images.xcassets in Resources */,
			);
			runOnlyForDeploymentPostprocessing = 0;
		};
		0AA27F6F1A84BB84006FE17C /* Resources */ = {
			isa = PBXResourcesBuildPhase;
			buildActionMask = 2147483647;
			files = (
			);
			runOnlyForDeploymentPostprocessing = 0;
		};
/* End PBXResourcesBuildPhase section */

/* Begin PBXSourcesBuildPhase section */
		0AA27F541A84BB84006FE17C /* Sources */ = {
			isa = PBXSourcesBuildPhase;
			buildActionMask = 2147483647;
			files = (
				0A7D433D1AA487A50093F3BE /* ViewController.m in Sources */,
				0AA27FC21A84C0C0006FE17C /* LocationInfo.m in Sources */,
				0A4B13CF1A8CB8F8009E1EAC /* RegexKitLite.m in Sources */,
				0A7D433A1AA487A50093F3BE /* MapView.m in Sources */,
				0A7D43381AA487A50093F3BE /* AppDelegate.m in Sources */,
				0AA27F891A84BCC9006FE17C /* RequestConnection.m in Sources */,
				0A7D433C1AA487A50093F3BE /* MapViewController.m in Sources */,
				0AA27F881A84BCC9006FE17C /* Reachability.m in Sources */,
				0A7D433B1AA487A50093F3BE /* LoginViewController.m in Sources */,
				0AA27F5E1A84BB84006FE17C /* main.m in Sources */,
				0A7D43391AA487A50093F3BE /* CustomCoffeeShopInfoCell.m in Sources */,
			);
			runOnlyForDeploymentPostprocessing = 0;
		};
		0AA27F6D1A84BB84006FE17C /* Sources */ = {
			isa = PBXSourcesBuildPhase;
			buildActionMask = 2147483647;
			files = (
				0AA27F781A84BB84006FE17C /* CoffeeShopTests.m in Sources */,
			);
			runOnlyForDeploymentPostprocessing = 0;
		};
/* End PBXSourcesBuildPhase section */

/* Begin PBXTargetDependency section */
		0AA27F731A84BB84006FE17C /* PBXTargetDependency */ = {
			isa = PBXTargetDependency;
			target = 0AA27F571A84BB84006FE17C /* CoffeeShop */;
			targetProxy = 0AA27F721A84BB84006FE17C /* PBXContainerItemProxy */;
		};
/* End PBXTargetDependency section */

/* Begin PBXVariantGroup section */
		0AA27F651A84BB84006FE17C /* Main.storyboard */ = {
			isa = PBXVariantGroup;
			children = (
				0AA27F661A84BB84006FE17C /* Base */,
			);
			name = Main.storyboard;
			sourceTree = "<group>";
		};
		0AA27F6A1A84BB84006FE17C /* LaunchScreen.xib */ = {
			isa = PBXVariantGroup;
			children = (
				0AA27F6B1A84BB84006FE17C /* Base */,
			);
			name = LaunchScreen.xib;
			sourceTree = "<group>";
		};
/* End PBXVariantGroup section */

/* Begin XCBuildConfiguration section */
		0AA27F791A84BB84006FE17C /* Debug */ = {
			isa = XCBuildConfiguration;
			buildSettings = {
				ALWAYS_SEARCH_USER_PATHS = NO;
				CLANG_CXX_LANGUAGE_STANDARD = "gnu++0x";
				CLANG_CXX_LIBRARY = "libc++";
				CLANG_ENABLE_MODULES = YES;
				CLANG_ENABLE_OBJC_ARC = YES;
				CLANG_WARN_BOOL_CONVERSION = YES;
				CLANG_WARN_CONSTANT_CONVERSION = YES;
				CLANG_WARN_DIRECT_OBJC_ISA_USAGE = YES_ERROR;
				CLANG_WARN_EMPTY_BODY = YES;
				CLANG_WARN_ENUM_CONVERSION = YES;
				CLANG_WARN_INT_CONVERSION = YES;
				CLANG_WARN_OBJC_ROOT_CLASS = YES_ERROR;
				CLANG_WARN_UNREACHABLE_CODE = YES;
				CLANG_WARN__DUPLICATE_METHOD_MATCH = YES;
				"CODE_SIGN_IDENTITY[sdk=iphoneos*]" = "iPhone Developer";
				COPY_PHASE_STRIP = NO;
				ENABLE_STRICT_OBJC_MSGSEND = YES;
				GCC_C_LANGUAGE_STANDARD = gnu99;
				GCC_DYNAMIC_NO_PIC = NO;
				GCC_OPTIMIZATION_LEVEL = 0;
				GCC_PREPROCESSOR_DEFINITIONS = (
					"DEBUG=1",
					"$(inherited)",
				);
				GCC_SYMBOLS_PRIVATE_EXTERN = NO;
				GCC_WARN_64_TO_32_BIT_CONVERSION = YES;
				GCC_WARN_ABOUT_RETURN_TYPE = YES_ERROR;
				GCC_WARN_UNDECLARED_SELECTOR = YES;
				GCC_WARN_UNINITIALIZED_AUTOS = YES_AGGRESSIVE;
				GCC_WARN_UNUSED_FUNCTION = YES;
				GCC_WARN_UNUSED_VARIABLE = YES;
				IPHONEOS_DEPLOYMENT_TARGET = 8.1;
				MTL_ENABLE_DEBUG_INFO = YES;
				ONLY_ACTIVE_ARCH = YES;
				OTHER_LDFLAGS = "-licucore";
				SDKROOT = iphoneos;
			};
			name = Debug;
		};
		0AA27F7A1A84BB84006FE17C /* Release */ = {
			isa = XCBuildConfiguration;
			buildSettings = {
				ALWAYS_SEARCH_USER_PATHS = NO;
				CLANG_CXX_LANGUAGE_STANDARD = "gnu++0x";
				CLANG_CXX_LIBRARY = "libc++";
				CLANG_ENABLE_MODULES = YES;
				CLANG_ENABLE_OBJC_ARC = YES;
				CLANG_WARN_BOOL_CONVERSION = YES;
				CLANG_WARN_CONSTANT_CONVERSION = YES;
				CLANG_WARN_DIRECT_OBJC_ISA_USAGE = YES_ERROR;
				CLANG_WARN_EMPTY_BODY = YES;
				CLANG_WARN_ENUM_CONVERSION = YES;
				CLANG_WARN_INT_CONVERSION = YES;
				CLANG_WARN_OBJC_ROOT_CLASS = YES_ERROR;
				CLANG_WARN_UNREACHABLE_CODE = YES;
				CLANG_WARN__DUPLICATE_METHOD_MATCH = YES;
				"CODE_SIGN_IDENTITY[sdk=iphoneos*]" = "iPhone Developer";
				COPY_PHASE_STRIP = YES;
				ENABLE_NS_ASSERTIONS = NO;
				ENABLE_STRICT_OBJC_MSGSEND = YES;
				GCC_C_LANGUAGE_STANDARD = gnu99;
				GCC_WARN_64_TO_32_BIT_CONVERSION = YES;
				GCC_WARN_ABOUT_RETURN_TYPE = YES_ERROR;
				GCC_WARN_UNDECLARED_SELECTOR = YES;
				GCC_WARN_UNINITIALIZED_AUTOS = YES_AGGRESSIVE;
				GCC_WARN_UNUSED_FUNCTION = YES;
				GCC_WARN_UNUSED_VARIABLE = YES;
				IPHONEOS_DEPLOYMENT_TARGET = 8.1;
				MTL_ENABLE_DEBUG_INFO = NO;
				OTHER_LDFLAGS = "-licucore";
				SDKROOT = iphoneos;
				VALIDATE_PRODUCT = YES;
			};
			name = Release;
		};
		0AA27F7C1A84BB84006FE17C /* Debug */ = {
			isa = XCBuildConfiguration;
			buildSettings = {
				ASSETCATALOG_COMPILER_APPICON_NAME = AppIcon;
				ASSETCATALOG_COMPILER_LAUNCHIMAGE_NAME = "LaunchImage-1";
				INFOPLIST_FILE = CoffeeShop/Info.plist;
				LD_RUNPATH_SEARCH_PATHS = "$(inherited) @executable_path/Frameworks";
				OTHER_LDFLAGS = "-licucore";
				PRODUCT_NAME = "$(TARGET_NAME)";
				SDKROOT = iphoneos;
			};
			name = Debug;
		};
		0AA27F7D1A84BB84006FE17C /* Release */ = {
			isa = XCBuildConfiguration;
			buildSettings = {
				ASSETCATALOG_COMPILER_APPICON_NAME = AppIcon;
				ASSETCATALOG_COMPILER_LAUNCHIMAGE_NAME = "LaunchImage-1";
				INFOPLIST_FILE = CoffeeShop/Info.plist;
				LD_RUNPATH_SEARCH_PATHS = "$(inherited) @executable_path/Frameworks";
				OTHER_LDFLAGS = "-licucore";
				PRODUCT_NAME = "$(TARGET_NAME)";
				SDKROOT = iphoneos;
			};
			name = Release;
		};
		0AA27F7F1A84BB84006FE17C /* Debug */ = {
			isa = XCBuildConfiguration;
			buildSettings = {
				BUNDLE_LOADER = "$(TEST_HOST)";
				FRAMEWORK_SEARCH_PATHS = (
					"$(SDKROOT)/Developer/Library/Frameworks",
					"$(inherited)",
				);
				GCC_PREPROCESSOR_DEFINITIONS = (
					"DEBUG=1",
					"$(inherited)",
				);
				INFOPLIST_FILE = CoffeeShopTests/Info.plist;
				LD_RUNPATH_SEARCH_PATHS = "$(inherited) @executable_path/Frameworks @loader_path/Frameworks";
				PRODUCT_NAME = "$(TARGET_NAME)";
				TEST_HOST = "$(BUILT_PRODUCTS_DIR)/CoffeeShop.app/CoffeeShop";
			};
			name = Debug;
		};
		0AA27F801A84BB84006FE17C /* Release */ = {
			isa = XCBuildConfiguration;
			buildSettings = {
				BUNDLE_LOADER = "$(TEST_HOST)";
				FRAMEWORK_SEARCH_PATHS = (
					"$(SDKROOT)/Developer/Library/Frameworks",
					"$(inherited)",
				);
				INFOPLIST_FILE = CoffeeShopTests/Info.plist;
				LD_RUNPATH_SEARCH_PATHS = "$(inherited) @executable_path/Frameworks @loader_path/Frameworks";
				PRODUCT_NAME = "$(TARGET_NAME)";
				TEST_HOST = "$(BUILT_PRODUCTS_DIR)/CoffeeShop.app/CoffeeShop";
			};
			name = Release;
		};
/* End XCBuildConfiguration section */

/* Begin XCConfigurationList section */
		0AA27F531A84BB84006FE17C /* Build configuration list for PBXProject "CoffeeShop" */ = {
			isa = XCConfigurationList;
			buildConfigurations = (
				0AA27F791A84BB84006FE17C /* Debug */,
				0AA27F7A1A84BB84006FE17C /* Release */,
			);
			defaultConfigurationIsVisible = 0;
			defaultConfigurationName = Release;
		};
		0AA27F7B1A84BB84006FE17C /* Build configuration list for PBXNativeTarget "CoffeeShop" */ = {
			isa = XCConfigurationList;
			buildConfigurations = (
				0AA27F7C1A84BB84006FE17C /* Debug */,
				0AA27F7D1A84BB84006FE17C /* Release */,
			);
			defaultConfigurationIsVisible = 0;
			defaultConfigurationName = Release;
		};
		0AA27F7E1A84BB84006FE17C /* Build configuration list for PBXNativeTarget "CoffeeShopTests" */ = {
			isa = XCConfigurationList;
			buildConfigurations = (
				0AA27F7F1A84BB84006FE17C /* Debug */,
				0AA27F801A84BB84006FE17C /* Release */,
			);
			defaultConfigurationIsVisible = 0;
			defaultConfigurationName = Release;
		};
/* End XCConfigurationList section */
	};
	rootObject = 0AA27F501A84BB84006FE17C /* Project object */;
}
